
Microsoft Visual Studio Solution File, Format Version 12.00
# Visual Studio Version 17
VisualStudioVersion = 17.3.32929.385
MinimumVisualStudioVersion = 10.0.40219.1
Project("{FAE04EC0-301F-11D3-BF4B-00C04F79EFBC}") = "laba2", "laba2\laba2.csproj", "{CDD50E2F-1D69-454A-B232-B41C8AC44FF3}"
EndProject
Global
	GlobalSection(SolutionConfigurationPlatforms) = preSolution
		Debug|Any CPU = Debug|Any CPU
		Release|Any CPU = Release|Any CPU
	EndGlobalSection
	GlobalSection(ProjectConfigurationPlatforms) = postSolution
		{CDD50E2F-1D69-454A-B232-B41C8AC44FF3}.Debug|Any CPU.ActiveCfg = Debug|Any CPU
		{CDD50E2F-1D69-454A-B232-B41C8AC44FF3}.Debug|Any CPU.Build.0 = Debug|Any CPU
		{CDD50E2F-1D69-454A-B232-B41C8AC44FF3}.Release|Any CPU.ActiveCfg = Release|Any CPU
		{CDD50E2F-1D69-454A-B232-B41C8AC44FF3}.Release|Any CPU.Build.0 = Release|Any CPU
	EndGlobalSection
	GlobalSection(SolutionProperties) = preSolution
		HideSolutionNode = FALSE
	EndGlobalSection
	GlobalSection(ExtensibilityGlobals) = postSolution
		SolutionGuid = {E60B44B7-66EE-4966-9EEB-8964F733CB71}
	EndGlobalSection
EndGlobal
